
Microsoft Visual Studio Solution File, Format Version 12.00
# Visual Studio 15
VisualStudioVersion = 15.0.28307.902
MinimumVisualStudioVersion = 10.0.40219.1
Project("{FAE04EC0-301F-11D3-BF4B-00C04F79EFBC}") = "CaliburnMicro.WPF", "CaliburnMicro.WPF\CaliburnMicro.WPF.csproj", "{1CA760E8-7962-4333-9329-627D2837FD6F}"
EndProject
Global
	GlobalSection(SolutionConfigurationPlatforms) = preSolution
		Debug|Any CPU = Debug|Any CPU
		Release|Any CPU = Release|Any CPU
	EndGlobalSection
	GlobalSection(ProjectConfigurationPlatforms) = postSolution
		{1CA760E8-7962-4333-9329-627D2837FD6F}.Debug|Any CPU.ActiveCfg = Debug|Any CPU
		{1CA760E8-7962-4333-9329-627D2837FD6F}.Debug|Any CPU.Build.0 = Debug|Any CPU
		{1CA760E8-7962-4333-9329-627D2837FD6F}.Release|Any CPU.ActiveCfg = Release|Any CPU
		{1CA760E8-7962-4333-9329-627D2837FD6F}.Release|Any CPU.Build.0 = Release|Any CPU
	EndGlobalSection
	GlobalSection(SolutionProperties) = preSolution
		HideSolutionNode = FALSE
	EndGlobalSection
	GlobalSection(ExtensibilityGlobals) = postSolution
		SolutionGuid = {A13727C8-F112-4144-BE9C-3D8613384B2D}
	EndGlobalSection
EndGlobal
